<?xml version="1.0" encoding="UTF-8" standalone="yes" ?>
<CodeBlocks_project_file>
	<FileVersion major="1" minor="6" />
	<Project>
		<Option title="Ececity" />
		<Option pch_mode="2" />
		<Option compiler="gcc" />
		<Build>
			<Target title="Debug">
				<Option output="bin/Debug/aye" prefix_auto="1" extension_auto="1" />
				<Option object_output="obj/Debug/" />
				<Option type="1" />
				<Option compiler="gcc" />
				<Compiler>
					<Add option="-g" />
				</Compiler>
			</Target>
			<Target title="Release">
				<Option output="bin/Release/aye" prefix_auto="1" extension_auto="1" />
				<Option object_output="obj/Release/" />
				<Option type="1" />
				<Option compiler="gcc" />
				<Compiler>
					<Add option="-O2" />
				</Compiler>
				<Linker>
					<Add option="-s" />
				</Linker>
			</Target>
		</Build>
		<Compiler>
			<Add option="-Wall -Wextra" />
			<Add directory="C:/Users/Edouard/Documents/GitHub/EceCity/inc" />
		</Compiler>
		<Linker>
			<Add library="alleg" />
		</Linker>
		<Unit filename="inc/ec_allegro.h" />
		<Unit filename="inc/ec_allegro_graphic.h" />
		<Unit filename="inc/ec_building.h" />
		<Unit filename="inc/ec_game.h" />
		<Unit filename="inc/ec_menu.h" />
		<Unit filename="inc/ec_save.h" />
		<Unit filename="src/ec_allegro.c">
			<Option compilerVar="CC" />
		</Unit>
		<Unit filename="src/ec_allegro_graphic.c">
			<Option compilerVar="CC" />
		</Unit>
		<Unit filename="src/ec_building.c">
			<Option compilerVar="CC" />
		</Unit>
		<Unit filename="src/ec_game.c">
			<Option compilerVar="CC" />
		</Unit>
		<Unit filename="src/ec_menu.c">
			<Option compilerVar="CC" />
		</Unit>
		<Unit filename="src/ec_save.c">
			<Option compilerVar="CC" />
		</Unit>
		<Unit filename="src/main.c">
			<Option compilerVar="CC" />
		</Unit>
		<Extensions>
			<code_completion />
			<envvars />
			<debugger />
			<lib_finder disable_auto="1" />
		</Extensions>
	</Project>
</CodeBlocks_project_file>
